
Microsoft Visual Studio Solution File, Format Version 12.00
# Visual Studio Version 16
VisualStudioVersion = 16.0.30011.22
MinimumVisualStudioVersion = 10.0.40219.1
Project("{888888A0-9F3D-457C-B088-3A5042F75D52}") = "Python-SQL-Project-CodeBase-DS-DE", "Python-SQL-Project-CodeBase-DS-DE\Python-SQL-Project-CodeBase-DS-DE.pyproj", "{F670B92D-22F8-4553-97D3-0503B9F38BBE}"
EndProject
Global
	GlobalSection(SolutionConfigurationPlatforms) = preSolution
		Debug|Any CPU = Debug|Any CPU
		Release|Any CPU = Release|Any CPU
	EndGlobalSection
	GlobalSection(ProjectConfigurationPlatforms) = postSolution
		{F670B92D-22F8-4553-97D3-0503B9F38BBE}.Debug|Any CPU.ActiveCfg = Debug|Any CPU
		{F670B92D-22F8-4553-97D3-0503B9F38BBE}.Release|Any CPU.ActiveCfg = Release|Any CPU
	EndGlobalSection
	GlobalSection(SolutionProperties) = preSolution
		HideSolutionNode = FALSE
	EndGlobalSection
	GlobalSection(ExtensibilityGlobals) = postSolution
		SolutionGuid = {E88F657D-A2E0-477C-9585-6190982208BF}
	EndGlobalSection
EndGlobal
